
Microsoft Visual Studio Solution File, Format Version 12.00
# Visual Studio Version 16
VisualStudioVersion = 16.0.31702.278
MinimumVisualStudioVersion = 10.0.40219.1
Project("{FAE04EC0-301F-11D3-BF4B-00C04F79EFBC}") = "Future", "Future\Future.csproj", "{2ACD3ABA-2F5C-4ECB-B934-0E096A9B32AE}"
EndProject
Global
	GlobalSection(SolutionConfigurationPlatforms) = preSolution
		Debug|Any CPU = Debug|Any CPU
		Release|Any CPU = Release|Any CPU
	EndGlobalSection
	GlobalSection(ProjectConfigurationPlatforms) = postSolution
		{2ACD3ABA-2F5C-4ECB-B934-0E096A9B32AE}.Debug|Any CPU.ActiveCfg = Debug|Any CPU
		{2ACD3ABA-2F5C-4ECB-B934-0E096A9B32AE}.Debug|Any CPU.Build.0 = Debug|Any CPU
		{2ACD3ABA-2F5C-4ECB-B934-0E096A9B32AE}.Release|Any CPU.ActiveCfg = Release|Any CPU
		{2ACD3ABA-2F5C-4ECB-B934-0E096A9B32AE}.Release|Any CPU.Build.0 = Release|Any CPU
	EndGlobalSection
	GlobalSection(SolutionProperties) = preSolution
		HideSolutionNode = FALSE
	EndGlobalSection
	GlobalSection(ExtensibilityGlobals) = postSolution
		SolutionGuid = {DA4DF85F-83D1-4167-88E3-4EE1FF65EC65}
	EndGlobalSection
EndGlobal
