
Microsoft Visual Studio Solution File, Format Version 12.00
# Visual Studio 15
VisualStudioVersion = 15.0.28307.136
MinimumVisualStudioVersion = 10.0.40219.1
Project("{FAE04EC0-301F-11D3-BF4B-00C04F79EFBC}") = "WpfWKR3", "WpfWKR3\WpfWKR3.csproj", "{28604413-AF13-45AE-885F-75CDED150005}"
EndProject
Global
	GlobalSection(SolutionConfigurationPlatforms) = preSolution
		Debug|Any CPU = Debug|Any CPU
		Release|Any CPU = Release|Any CPU
	EndGlobalSection
	GlobalSection(ProjectConfigurationPlatforms) = postSolution
		{28604413-AF13-45AE-885F-75CDED150005}.Debug|Any CPU.ActiveCfg = Debug|Any CPU
		{28604413-AF13-45AE-885F-75CDED150005}.Debug|Any CPU.Build.0 = Debug|Any CPU
		{28604413-AF13-45AE-885F-75CDED150005}.Release|Any CPU.ActiveCfg = Release|Any CPU
		{28604413-AF13-45AE-885F-75CDED150005}.Release|Any CPU.Build.0 = Release|Any CPU
	EndGlobalSection
	GlobalSection(SolutionProperties) = preSolution
		HideSolutionNode = FALSE
	EndGlobalSection
	GlobalSection(ExtensibilityGlobals) = postSolution
		SolutionGuid = {D25F87E8-D6C9-4D94-B13F-7FDD199060D4}
	EndGlobalSection
EndGlobal
