
Microsoft Visual Studio Solution File, Format Version 12.00
# Visual Studio Version 16
VisualStudioVersion = 16.0.31702.278
MinimumVisualStudioVersion = 10.0.40219.1
Project("{FAE04EC0-301F-11D3-BF4B-00C04F79EFBC}") = "ConsoleAutoLotApp", "ConsoleAutoLotApp\ConsoleAutoLotApp.csproj", "{F6AC8B3D-99B1-4CC5-B9EB-90DFEAC44328}"
EndProject
Global
	GlobalSection(SolutionConfigurationPlatforms) = preSolution
		Debug|Any CPU = Debug|Any CPU
		Release|Any CPU = Release|Any CPU
	EndGlobalSection
	GlobalSection(ProjectConfigurationPlatforms) = postSolution
		{F6AC8B3D-99B1-4CC5-B9EB-90DFEAC44328}.Debug|Any CPU.ActiveCfg = Debug|Any CPU
		{F6AC8B3D-99B1-4CC5-B9EB-90DFEAC44328}.Debug|Any CPU.Build.0 = Debug|Any CPU
		{F6AC8B3D-99B1-4CC5-B9EB-90DFEAC44328}.Release|Any CPU.ActiveCfg = Release|Any CPU
		{F6AC8B3D-99B1-4CC5-B9EB-90DFEAC44328}.Release|Any CPU.Build.0 = Release|Any CPU
	EndGlobalSection
	GlobalSection(SolutionProperties) = preSolution
		HideSolutionNode = FALSE
	EndGlobalSection
	GlobalSection(ExtensibilityGlobals) = postSolution
		SolutionGuid = {34513633-D494-45E2-989F-B1BA6FD86040}
	EndGlobalSection
EndGlobal
