
Microsoft Visual Studio Solution File, Format Version 12.00
# Visual Studio Version 16
VisualStudioVersion = 16.0.31702.278
MinimumVisualStudioVersion = 10.0.40219.1
Project("{FAE04EC0-301F-11D3-BF4B-00C04F79EFBC}") = "ConsoleMethods", "ConsoleMethods\ConsoleMethods.csproj", "{FBCE2235-137E-4DE3-A0B1-2596BC0D1974}"
EndProject
Project("{FAE04EC0-301F-11D3-BF4B-00C04F79EFBC}") = "ConsoleMethodsArray", "ConsoleMethodsArray\ConsoleMethodsArray.csproj", "{E461655E-3841-46B9-BF64-53F9570B35E7}"
EndProject
Global
	GlobalSection(SolutionConfigurationPlatforms) = preSolution
		Debug|Any CPU = Debug|Any CPU
		Release|Any CPU = Release|Any CPU
	EndGlobalSection
	GlobalSection(ProjectConfigurationPlatforms) = postSolution
		{FBCE2235-137E-4DE3-A0B1-2596BC0D1974}.Debug|Any CPU.ActiveCfg = Debug|Any CPU
		{FBCE2235-137E-4DE3-A0B1-2596BC0D1974}.Debug|Any CPU.Build.0 = Debug|Any CPU
		{FBCE2235-137E-4DE3-A0B1-2596BC0D1974}.Release|Any CPU.ActiveCfg = Release|Any CPU
		{FBCE2235-137E-4DE3-A0B1-2596BC0D1974}.Release|Any CPU.Build.0 = Release|Any CPU
		{E461655E-3841-46B9-BF64-53F9570B35E7}.Debug|Any CPU.ActiveCfg = Debug|Any CPU
		{E461655E-3841-46B9-BF64-53F9570B35E7}.Debug|Any CPU.Build.0 = Debug|Any CPU
		{E461655E-3841-46B9-BF64-53F9570B35E7}.Release|Any CPU.ActiveCfg = Release|Any CPU
		{E461655E-3841-46B9-BF64-53F9570B35E7}.Release|Any CPU.Build.0 = Release|Any CPU
	EndGlobalSection
	GlobalSection(SolutionProperties) = preSolution
		HideSolutionNode = FALSE
	EndGlobalSection
	GlobalSection(ExtensibilityGlobals) = postSolution
		SolutionGuid = {B04C70E9-9F0C-470B-9B58-069A170582A2}
	EndGlobalSection
EndGlobal
