
Microsoft Visual Studio Solution File, Format Version 12.00
# Visual Studio Version 16
VisualStudioVersion = 16.0.31702.278
MinimumVisualStudioVersion = 10.0.40219.1
Project("{FAE04EC0-301F-11D3-BF4B-00C04F79EFBC}") = "ConsoleArray", "ConsoleArray\ConsoleArray.csproj", "{F1103C06-7E9F-4BD6-8011-09BA79CDF319}"
EndProject
Global
	GlobalSection(SolutionConfigurationPlatforms) = preSolution
		Debug|Any CPU = Debug|Any CPU
		Release|Any CPU = Release|Any CPU
	EndGlobalSection
	GlobalSection(ProjectConfigurationPlatforms) = postSolution
		{F1103C06-7E9F-4BD6-8011-09BA79CDF319}.Debug|Any CPU.ActiveCfg = Debug|Any CPU
		{F1103C06-7E9F-4BD6-8011-09BA79CDF319}.Debug|Any CPU.Build.0 = Debug|Any CPU
		{F1103C06-7E9F-4BD6-8011-09BA79CDF319}.Release|Any CPU.ActiveCfg = Release|Any CPU
		{F1103C06-7E9F-4BD6-8011-09BA79CDF319}.Release|Any CPU.Build.0 = Release|Any CPU
	EndGlobalSection
	GlobalSection(SolutionProperties) = preSolution
		HideSolutionNode = FALSE
	EndGlobalSection
	GlobalSection(ExtensibilityGlobals) = postSolution
		SolutionGuid = {52A24724-1C3B-458E-84BC-29CCD980C93C}
	EndGlobalSection
EndGlobal
